
Microsoft Visual Studio Solution File, Format Version 12.00
# Visual Studio 2013
VisualStudioVersion = 12.0.40629.0
MinimumVisualStudioVersion = 10.0.40219.1
Project("{FAE04EC0-301F-11D3-BF4B-00C04F79EFBC}") = "Authentication.Domain", "Authentication.Domain\Authentication.Domain.csproj", "{9314913B-F78F-488D-8D3E-757AC3AB14C7}"
EndProject
Project("{FAE04EC0-301F-11D3-BF4B-00C04F79EFBC}") = "Authentication.Infrastructure", "Authentication.Infrastructure\Authentication.Infrastructure.csproj", "{2DDB7731-4165-4B5F-AC5A-6DA743C09347}"
EndProject
Project("{FAE04EC0-301F-11D3-BF4B-00C04F79EFBC}") = "Authentication.Data", "Authentication.Data\Authentication.Data.csproj", "{779671E9-D059-4BCB-8D7D-8DD298063F04}"
EndProject
Project("{FAE04EC0-301F-11D3-BF4B-00C04F79EFBC}") = "Authentication.Client", "Authentication.Client\Authentication.Client.csproj", "{0F61A585-8250-4D22-878A-F1F03AB1CD2D}"
EndProject
Project("{FAE04EC0-301F-11D3-BF4B-00C04F79EFBC}") = "Authentication.API", "Authentication.API\Authentication.API.csproj", "{3937CE4C-8630-40BB-B688-4F12448054BE}"
EndProject
Project("{FAE04EC0-301F-11D3-BF4B-00C04F79EFBC}") = "Authentication.Resource.API", "Authentication.Resource.API\Authentication.Resource.API.csproj", "{73D22B4D-0CA1-4698-8508-C1228AB5B67B}"
EndProject
Global
	GlobalSection(SolutionConfigurationPlatforms) = preSolution
		Debug|Any CPU = Debug|Any CPU
		Release|Any CPU = Release|Any CPU
	EndGlobalSection
	GlobalSection(ProjectConfigurationPlatforms) = postSolution
		{9314913B-F78F-488D-8D3E-757AC3AB14C7}.Debug|Any CPU.ActiveCfg = Debug|Any CPU
		{9314913B-F78F-488D-8D3E-757AC3AB14C7}.Debug|Any CPU.Build.0 = Debug|Any CPU
		{9314913B-F78F-488D-8D3E-757AC3AB14C7}.Release|Any CPU.ActiveCfg = Release|Any CPU
		{9314913B-F78F-488D-8D3E-757AC3AB14C7}.Release|Any CPU.Build.0 = Release|Any CPU
		{2DDB7731-4165-4B5F-AC5A-6DA743C09347}.Debug|Any CPU.ActiveCfg = Debug|Any CPU
		{2DDB7731-4165-4B5F-AC5A-6DA743C09347}.Debug|Any CPU.Build.0 = Debug|Any CPU
		{2DDB7731-4165-4B5F-AC5A-6DA743C09347}.Release|Any CPU.ActiveCfg = Release|Any CPU
		{2DDB7731-4165-4B5F-AC5A-6DA743C09347}.Release|Any CPU.Build.0 = Release|Any CPU
		{779671E9-D059-4BCB-8D7D-8DD298063F04}.Debug|Any CPU.ActiveCfg = Debug|Any CPU
		{779671E9-D059-4BCB-8D7D-8DD298063F04}.Debug|Any CPU.Build.0 = Debug|Any CPU
		{779671E9-D059-4BCB-8D7D-8DD298063F04}.Release|Any CPU.ActiveCfg = Release|Any CPU
		{779671E9-D059-4BCB-8D7D-8DD298063F04}.Release|Any CPU.Build.0 = Release|Any CPU
		{0F61A585-8250-4D22-878A-F1F03AB1CD2D}.Debug|Any CPU.ActiveCfg = Debug|Any CPU
		{0F61A585-8250-4D22-878A-F1F03AB1CD2D}.Debug|Any CPU.Build.0 = Debug|Any CPU
		{0F61A585-8250-4D22-878A-F1F03AB1CD2D}.Release|Any CPU.ActiveCfg = Release|Any CPU
		{0F61A585-8250-4D22-878A-F1F03AB1CD2D}.Release|Any CPU.Build.0 = Release|Any CPU
		{3937CE4C-8630-40BB-B688-4F12448054BE}.Debug|Any CPU.ActiveCfg = Debug|Any CPU
		{3937CE4C-8630-40BB-B688-4F12448054BE}.Debug|Any CPU.Build.0 = Debug|Any CPU
		{3937CE4C-8630-40BB-B688-4F12448054BE}.Release|Any CPU.ActiveCfg = Release|Any CPU
		{3937CE4C-8630-40BB-B688-4F12448054BE}.Release|Any CPU.Build.0 = Release|Any CPU
		{73D22B4D-0CA1-4698-8508-C1228AB5B67B}.Debug|Any CPU.ActiveCfg = Debug|Any CPU
		{73D22B4D-0CA1-4698-8508-C1228AB5B67B}.Debug|Any CPU.Build.0 = Debug|Any CPU
		{73D22B4D-0CA1-4698-8508-C1228AB5B67B}.Release|Any CPU.ActiveCfg = Release|Any CPU
		{73D22B4D-0CA1-4698-8508-C1228AB5B67B}.Release|Any CPU.Build.0 = Release|Any CPU
	EndGlobalSection
	GlobalSection(SolutionProperties) = preSolution
		HideSolutionNode = FALSE
	EndGlobalSection
EndGlobal
